
Microsoft Visual Studio Solution File, Format Version 12.00
# Visual Studio 2013
VisualStudioVersion = 12.0.30501.0
MinimumVisualStudioVersion = 10.0.40219.1
Project("{8BC9CEB8-8B4A-11D0-8D11-00A0C91BC942}") = "2D", "2D\2D.vcxproj", "{7AC96312-F0F6-47F1-B283-0AD439F27BBB}"
EndProject
Project("{8BC9CEB8-8B4A-11D0-8D11-00A0C91BC942}") = "3D", "3D\3D.vcxproj", "{34B63E04-7C71-4EF3-B305-D6307BDB45FE}"
EndProject
Global
	GlobalSection(SolutionConfigurationPlatforms) = preSolution
		Debug|x64 = Debug|x64
		Release|x64 = Release|x64
	EndGlobalSection
	GlobalSection(ProjectConfigurationPlatforms) = postSolution
		{7AC96312-F0F6-47F1-B283-0AD439F27BBB}.Debug|x64.ActiveCfg = Debug|x64
		{7AC96312-F0F6-47F1-B283-0AD439F27BBB}.Debug|x64.Build.0 = Debug|x64
		{7AC96312-F0F6-47F1-B283-0AD439F27BBB}.Release|x64.ActiveCfg = Release|x64
		{7AC96312-F0F6-47F1-B283-0AD439F27BBB}.Release|x64.Build.0 = Release|x64
		{34B63E04-7C71-4EF3-B305-D6307BDB45FE}.Debug|x64.ActiveCfg = Debug|x64
		{34B63E04-7C71-4EF3-B305-D6307BDB45FE}.Debug|x64.Build.0 = Debug|x64
		{34B63E04-7C71-4EF3-B305-D6307BDB45FE}.Release|x64.ActiveCfg = Release|x64
		{34B63E04-7C71-4EF3-B305-D6307BDB45FE}.Release|x64.Build.0 = Release|x64
	EndGlobalSection
	GlobalSection(SolutionProperties) = preSolution
		HideSolutionNode = FALSE
	EndGlobalSection
EndGlobal
